// !$*UTF8*$!
{
	archiveVersion = 1;
	classes = {
	};
	objectVersion = 48;
	objects = {

/* Begin PBXBuildFile section */
		1338D5C0203FF183009A412F /* StartScene.sks in Resources */ = {isa = PBXBuildFile; fileRef = 1338D5BF203FF183009A412F /* StartScene.sks */; };
		1338D5C3203FF1C9009A412F /* StartScene.swift in Sources */ = {isa = PBXBuildFile; fileRef = 1338D5C2203FF1C9009A412F /* StartScene.swift */; };
		135AA4A4203B5FBF00DEB6BF /* AppDelegate.swift in Sources */ = {isa = PBXBuildFile; fileRef = 135AA4A3203B5FBF00DEB6BF /* AppDelegate.swift */; };
		135AA4A6203B5FBF00DEB6BF /* GameScene.sks in Resources */ = {isa = PBXBuildFile; fileRef = 135AA4A5203B5FBF00DEB6BF /* GameScene.sks */; };
		135AA4AA203B5FBF00DEB6BF /* GameScene.swift in Sources */ = {isa = PBXBuildFile; fileRef = 135AA4A9203B5FBF00DEB6BF /* GameScene.swift */; };
		135AA4AC203B5FBF00DEB6BF /* GameViewController.swift in Sources */ = {isa = PBXBuildFile; fileRef = 135AA4AB203B5FBF00DEB6BF /* GameViewController.swift */; };
		135AA4AF203B5FBF00DEB6BF /* Main.storyboard in Resources */ = {isa = PBXBuildFile; fileRef = 135AA4AD203B5FBF00DEB6BF /* Main.storyboard */; };
		135AA4B1203B5FBF00DEB6BF /* Assets.xcassets in Resources */ = {isa = PBXBuildFile; fileRef = 135AA4B0203B5FBF00DEB6BF /* Assets.xcassets */; };
		135AA4B4203B5FBF00DEB6BF /* LaunchScreen.storyboard in Resources */ = {isa = PBXBuildFile; fileRef = 135AA4B2203B5FBF00DEB6BF /* LaunchScreen.storyboard */; };
		137CBC8C203FF44E004517FE /* 04B.ttf in Resources */ = {isa = PBXBuildFile; fileRef = 137CBC8B203FF44E004517FE /* 04B.ttf */; };
		13CD16302040B2D700837D6C /* Bubbles.sks in Resources */ = {isa = PBXBuildFile; fileRef = 13CD162E2040B2D700837D6C /* Bubbles.sks */; };
		13CD16312040B2D700837D6C /* Assets.xcassets in Resources */ = {isa = PBXBuildFile; fileRef = 13CD162F2040B2D700837D6C /* Assets.xcassets */; };
		13CD16332040B3C600837D6C /* Smoke.sks in Resources */ = {isa = PBXBuildFile; fileRef = 13CD16322040B3C600837D6C /* Smoke.sks */; };
		13CD163A2040BDE200837D6C /* 5crash.mp3 in Resources */ = {isa = PBXBuildFile; fileRef = 13CD16352040BDE100837D6C /* 5crash.mp3 */; };
		13CD163B2040BDE200837D6C /* 1asteroid.mp3 in Resources */ = {isa = PBXBuildFile; fileRef = 13CD16362040BDE100837D6C /* 1asteroid.mp3 */; };
		13CD163C2040BDE200837D6C /* 4pair.mp3 in Resources */ = {isa = PBXBuildFile; fileRef = 13CD16372040BDE100837D6C /* 4pair.mp3 */; };
		13CD163D2040BDE200837D6C /* 3look.mp3 in Resources */ = {isa = PBXBuildFile; fileRef = 13CD16382040BDE200837D6C /* 3look.mp3 */; };
		13CD163E2040BDE200837D6C /* 2ugol.mp3 in Resources */ = {isa = PBXBuildFile; fileRef = 13CD16392040BDE200837D6C /* 2ugol.mp3 */; };
		13CD16412040BEA800837D6C /* bubble.wav in Resources */ = {isa = PBXBuildFile; fileRef = 13CD163F2040BEA800837D6C /* bubble.wav */; };
		13CD16422040BEA800837D6C /* zing.wav in Resources */ = {isa = PBXBuildFile; fileRef = 13CD16402040BEA800837D6C /* zing.wav */; };
		13CD16442040C07500837D6C /* hit.wav in Resources */ = {isa = PBXBuildFile; fileRef = 13CD16432040C07500837D6C /* hit.wav */; };
		13CD16462040C68C00837D6C /* SettingsScene.sks in Resources */ = {isa = PBXBuildFile; fileRef = 13CD16452040C68C00837D6C /* SettingsScene.sks */; };
		13CD16482040C8A000837D6C /* SettingsScene.swift in Sources */ = {isa = PBXBuildFile; fileRef = 13CD16472040C8A000837D6C /* SettingsScene.swift */; };
/* End PBXBuildFile section */

/* Begin PBXFileReference section */
		1338D5BF203FF183009A412F /* StartScene.sks */ = {isa = PBXFileReference; lastKnownFileType = file.sks; path = StartScene.sks; sourceTree = "<group>"; };
		1338D5C2203FF1C9009A412F /* StartScene.swift */ = {isa = PBXFileReference; lastKnownFileType = sourcecode.swift; path = StartScene.swift; sourceTree = "<group>"; };
		135AA4A0203B5FBF00DEB6BF /* grumpy-fish.app */ = {isa = PBXFileReference; explicitFileType = wrapper.application; includeInIndex = 0; path = "grumpy-fish.app"; sourceTree = BUILT_PRODUCTS_DIR; };
		135AA4A3203B5FBF00DEB6BF /* AppDelegate.swift */ = {isa = PBXFileReference; lastKnownFileType = sourcecode.swift; path = AppDelegate.swift; sourceTree = "<group>"; };
		135AA4A5203B5FBF00DEB6BF /* GameScene.sks */ = {isa = PBXFileReference; lastKnownFileType = file.sks; path = GameScene.sks; sourceTree = "<group>"; };
		135AA4A9203B5FBF00DEB6BF /* GameScene.swift */ = {isa = PBXFileReference; lastKnownFileType = sourcecode.swift; path = GameScene.swift; sourceTree = "<group>"; };
		135AA4AB203B5FBF00DEB6BF /* GameViewController.swift */ = {isa = PBXFileReference; lastKnownFileType = sourcecode.swift; path = GameViewController.swift; sourceTree = "<group>"; };
		135AA4AE203B5FBF00DEB6BF /* Base */ = {isa = PBXFileReference; lastKnownFileType = file.storyboard; name = Base; path = Base.lproj/Main.storyboard; sourceTree = "<group>"; };
		135AA4B0203B5FBF00DEB6BF /* Assets.xcassets */ = {isa = PBXFileReference; lastKnownFileType = folder.assetcatalog; path = Assets.xcassets; sourceTree = "<group>"; };
		135AA4B3203B5FBF00DEB6BF /* Base */ = {isa = PBXFileReference; lastKnownFileType = file.storyboard; name = Base; path = Base.lproj/LaunchScreen.storyboard; sourceTree = "<group>"; };
		135AA4B5203B5FBF00DEB6BF /* Info.plist */ = {isa = PBXFileReference; lastKnownFileType = text.plist.xml; path = Info.plist; sourceTree = "<group>"; };
		137CBC8B203FF44E004517FE /* 04B.ttf */ = {isa = PBXFileReference; lastKnownFileType = file; path = 04B.ttf; sourceTree = "<group>"; };
		13CD162E2040B2D700837D6C /* Bubbles.sks */ = {isa = PBXFileReference; lastKnownFileType = file.sks; path = Bubbles.sks; sourceTree = "<group>"; };
		13CD162F2040B2D700837D6C /* Assets.xcassets */ = {isa = PBXFileReference; lastKnownFileType = folder.assetcatalog; path = Assets.xcassets; sourceTree = "<group>"; };
		13CD16322040B3C600837D6C /* Smoke.sks */ = {isa = PBXFileReference; lastKnownFileType = file.sks; path = Smoke.sks; sourceTree = "<group>"; };
		13CD16352040BDE100837D6C /* 5crash.mp3 */ = {isa = PBXFileReference; lastKnownFileType = audio.mp3; path = 5crash.mp3; sourceTree = "<group>"; };
		13CD16362040BDE100837D6C /* 1asteroid.mp3 */ = {isa = PBXFileReference; lastKnownFileType = audio.mp3; path = 1asteroid.mp3; sourceTree = "<group>"; };
		13CD16372040BDE100837D6C /* 4pair.mp3 */ = {isa = PBXFileReference; lastKnownFileType = audio.mp3; path = 4pair.mp3; sourceTree = "<group>"; };
		13CD16382040BDE200837D6C /* 3look.mp3 */ = {isa = PBXFileReference; lastKnownFileType = audio.mp3; path = 3look.mp3; sourceTree = "<group>"; };
		13CD16392040BDE200837D6C /* 2ugol.mp3 */ = {isa = PBXFileReference; lastKnownFileType = audio.mp3; path = 2ugol.mp3; sourceTree = "<group>"; };
		13CD163F2040BEA800837D6C /* bubble.wav */ = {isa = PBXFileReference; lastKnownFileType = audio.wav; path = bubble.wav; sourceTree = "<group>"; };
		13CD16402040BEA800837D6C /* zing.wav */ = {isa = PBXFileReference; lastKnownFileType = audio.wav; path = zing.wav; sourceTree = "<group>"; };
		13CD16432040C07500837D6C /* hit.wav */ = {isa = PBXFileReference; lastKnownFileType = audio.wav; path = hit.wav; sourceTree = "<group>"; };
		13CD16452040C68C00837D6C /* SettingsScene.sks */ = {isa = PBXFileReference; lastKnownFileType = file.sks; path = SettingsScene.sks; sourceTree = "<group>"; };
		13CD16472040C8A000837D6C /* SettingsScene.swift */ = {isa = PBXFileReference; lastKnownFileType = sourcecode.swift; name = SettingsScene.swift; path = "grumpy-fish/SettingsScene.swift"; sourceTree = SOURCE_ROOT; };
/* End PBXFileReference section */

/* Begin PBXFrameworksBuildPhase section */
		135AA49D203B5FBF00DEB6BF /* Frameworks */ = {
			isa = PBXFrameworksBuildPhase;
			buildActionMask = 2147483647;
			files = (
			);
			runOnlyForDeploymentPostprocessing = 0;
		};
/* End PBXFrameworksBuildPhase section */

/* Begin PBXGroup section */
		1338D5C1203FF191009A412F /* Scenes */ = {
			isa = PBXGroup;
			children = (
				13CD162E2040B2D700837D6C /* Bubbles.sks */,
				13CD162F2040B2D700837D6C /* Assets.xcassets */,
				13CD16322040B3C600837D6C /* Smoke.sks */,
				135AA4A5203B5FBF00DEB6BF /* GameScene.sks */,
				1338D5BF203FF183009A412F /* StartScene.sks */,
				13CD16452040C68C00837D6C /* SettingsScene.sks */,
			);
			path = Scenes;
			sourceTree = "<group>";
		};
		135AA497203B5FBF00DEB6BF = {
			isa = PBXGroup;
			children = (
				135AA4A2203B5FBF00DEB6BF /* grumpy-fish */,
				135AA4A1203B5FBF00DEB6BF /* Products */,
			);
			sourceTree = "<group>";
		};
		135AA4A1203B5FBF00DEB6BF /* Products */ = {
			isa = PBXGroup;
			children = (
				135AA4A0203B5FBF00DEB6BF /* grumpy-fish.app */,
			);
			name = Products;
			sourceTree = "<group>";
		};
		135AA4A2203B5FBF00DEB6BF /* grumpy-fish */ = {
			isa = PBXGroup;
			children = (
				13CD16342040BDCB00837D6C /* Music */,
				135AA4A3203B5FBF00DEB6BF /* AppDelegate.swift */,
				1338D5C1203FF191009A412F /* Scenes */,
				13CD16472040C8A000837D6C /* SettingsScene.swift */,
				135AA4A9203B5FBF00DEB6BF /* GameScene.swift */,
				1338D5C2203FF1C9009A412F /* StartScene.swift */,
				135AA4AB203B5FBF00DEB6BF /* GameViewController.swift */,
				135AA4AD203B5FBF00DEB6BF /* Main.storyboard */,
				135AA4B0203B5FBF00DEB6BF /* Assets.xcassets */,
				135AA4B2203B5FBF00DEB6BF /* LaunchScreen.storyboard */,
				137CBC8B203FF44E004517FE /* 04B.ttf */,
				135AA4B5203B5FBF00DEB6BF /* Info.plist */,
			);
			path = "grumpy-fish";
			sourceTree = "<group>";
		};
		13CD16342040BDCB00837D6C /* Music */ = {
			isa = PBXGroup;
			children = (
				13CD16362040BDE100837D6C /* 1asteroid.mp3 */,
				13CD16392040BDE200837D6C /* 2ugol.mp3 */,
				13CD16382040BDE200837D6C /* 3look.mp3 */,
				13CD16372040BDE100837D6C /* 4pair.mp3 */,
				13CD16352040BDE100837D6C /* 5crash.mp3 */,
				13CD163F2040BEA800837D6C /* bubble.wav */,
				13CD16402040BEA800837D6C /* zing.wav */,
				13CD16432040C07500837D6C /* hit.wav */,
			);
			path = Music;
			sourceTree = "<group>";
		};
/* End PBXGroup section */

/* Begin PBXNativeTarget section */
		135AA49F203B5FBF00DEB6BF /* grumpy-fish */ = {
			isa = PBXNativeTarget;
			buildConfigurationList = 135AA4B8203B5FBF00DEB6BF /* Build configuration list for PBXNativeTarget "grumpy-fish" */;
			buildPhases = (
				135AA49C203B5FBF00DEB6BF /* Sources */,
				135AA49D203B5FBF00DEB6BF /* Frameworks */,
				135AA49E203B5FBF00DEB6BF /* Resources */,
			);
			buildRules = (
			);
			dependencies = (
			);
			name = "grumpy-fish";
			productName = "grumpy-fish";
			productReference = 135AA4A0203B5FBF00DEB6BF /* grumpy-fish.app */;
			productType = "com.apple.product-type.application";
		};
/* End PBXNativeTarget section */

/* Begin PBXProject section */
		135AA498203B5FBF00DEB6BF /* Project object */ = {
			isa = PBXProject;
			attributes = {
				LastSwiftUpdateCheck = 0920;
				LastUpgradeCheck = 0920;
				ORGANIZATIONNAME = Centennial;
				TargetAttributes = {
					135AA49F203B5FBF00DEB6BF = {
						CreatedOnToolsVersion = 9.2;
						ProvisioningStyle = Automatic;
					};
				};
			};
			buildConfigurationList = 135AA49B203B5FBF00DEB6BF /* Build configuration list for PBXProject "grumpy-fish" */;
			compatibilityVersion = "Xcode 8.0";
			developmentRegion = en;
			hasScannedForEncodings = 0;
			knownRegions = (
				en,
				Base,
			);
			mainGroup = 135AA497203B5FBF00DEB6BF;
			productRefGroup = 135AA4A1203B5FBF00DEB6BF /* Products */;
			projectDirPath = "";
			projectRoot = "";
			targets = (
				135AA49F203B5FBF00DEB6BF /* grumpy-fish */,
			);
		};
/* End PBXProject section */

/* Begin PBXResourcesBuildPhase section */
		135AA49E203B5FBF00DEB6BF /* Resources */ = {
			isa = PBXResourcesBuildPhase;
			buildActionMask = 2147483647;
			files = (
				135AA4AF203B5FBF00DEB6BF /* Main.storyboard in Resources */,
				135AA4A6203B5FBF00DEB6BF /* GameScene.sks in Resources */,
				135AA4B1203B5FBF00DEB6BF /* Assets.xcassets in Resources */,
				137CBC8C203FF44E004517FE /* 04B.ttf in Resources */,
				13CD163E2040BDE200837D6C /* 2ugol.mp3 in Resources */,
				13CD163B2040BDE200837D6C /* 1asteroid.mp3 in Resources */,
				13CD16302040B2D700837D6C /* Bubbles.sks in Resources */,
				1338D5C0203FF183009A412F /* StartScene.sks in Resources */,
				13CD163C2040BDE200837D6C /* 4pair.mp3 in Resources */,
				13CD16462040C68C00837D6C /* SettingsScene.sks in Resources */,
				13CD16312040B2D700837D6C /* Assets.xcassets in Resources */,
				135AA4B4203B5FBF00DEB6BF /* LaunchScreen.storyboard in Resources */,
				13CD16442040C07500837D6C /* hit.wav in Resources */,
				13CD163A2040BDE200837D6C /* 5crash.mp3 in Resources */,
				13CD16422040BEA800837D6C /* zing.wav in Resources */,
				13CD16412040BEA800837D6C /* bubble.wav in Resources */,
				13CD163D2040BDE200837D6C /* 3look.mp3 in Resources */,
				13CD16332040B3C600837D6C /* Smoke.sks in Resources */,
			);
			runOnlyForDeploymentPostprocessing = 0;
		};
/* End PBXResourcesBuildPhase section */

/* Begin PBXSourcesBuildPhase section */
		135AA49C203B5FBF00DEB6BF /* Sources */ = {
			isa = PBXSourcesBuildPhase;
			buildActionMask = 2147483647;
			files = (
				135AA4AA203B5FBF00DEB6BF /* GameScene.swift in Sources */,
				135AA4AC203B5FBF00DEB6BF /* GameViewController.swift in Sources */,
				135AA4A4203B5FBF00DEB6BF /* AppDelegate.swift in Sources */,
				13CD16482040C8A000837D6C /* SettingsScene.swift in Sources */,
				1338D5C3203FF1C9009A412F /* StartScene.swift in Sources */,
			);
			runOnlyForDeploymentPostprocessing = 0;
		};
/* End PBXSourcesBuildPhase section */

/* Begin PBXVariantGroup section */
		135AA4AD203B5FBF00DEB6BF /* Main.storyboard */ = {
			isa = PBXVariantGroup;
			children = (
				135AA4AE203B5FBF00DEB6BF /* Base */,
			);
			name = Main.storyboard;
			sourceTree = "<group>";
		};
		135AA4B2203B5FBF00DEB6BF /* LaunchScreen.storyboard */ = {
			isa = PBXVariantGroup;
			children = (
				135AA4B3203B5FBF00DEB6BF /* Base */,
			);
			name = LaunchScreen.storyboard;
			sourceTree = "<group>";
		};
/* End PBXVariantGroup section */

/* Begin XCBuildConfiguration section */
		135AA4B6203B5FBF00DEB6BF /* Debug */ = {
			isa = XCBuildConfiguration;
			buildSettings = {
				ALWAYS_SEARCH_USER_PATHS = NO;
				CLANG_ANALYZER_NONNULL = YES;
				CLANG_ANALYZER_NUMBER_OBJECT_CONVERSION = YES_AGGRESSIVE;
				CLANG_CXX_LANGUAGE_STANDARD = "gnu++14";
				CLANG_CXX_LIBRARY = "libc++";
				CLANG_ENABLE_MODULES = YES;
				CLANG_ENABLE_OBJC_ARC = YES;
				CLANG_WARN_BLOCK_CAPTURE_AUTORELEASING = YES;
				CLANG_WARN_BOOL_CONVERSION = YES;
				CLANG_WARN_COMMA = YES;
				CLANG_WARN_CONSTANT_CONVERSION = YES;
				CLANG_WARN_DIRECT_OBJC_ISA_USAGE = YES_ERROR;
				CLANG_WARN_DOCUMENTATION_COMMENTS = YES;
				CLANG_WARN_EMPTY_BODY = YES;
				CLANG_WARN_ENUM_CONVERSION = YES;
				CLANG_WARN_INFINITE_RECURSION = YES;
				CLANG_WARN_INT_CONVERSION = YES;
				CLANG_WARN_NON_LITERAL_NULL_CONVERSION = YES;
				CLANG_WARN_OBJC_LITERAL_CONVERSION = YES;
				CLANG_WARN_OBJC_ROOT_CLASS = YES_ERROR;
				CLANG_WARN_RANGE_LOOP_ANALYSIS = YES;
				CLANG_WARN_STRICT_PROTOTYPES = YES;
				CLANG_WARN_SUSPICIOUS_MOVE = YES;
				CLANG_WARN_UNGUARDED_AVAILABILITY = YES_AGGRESSIVE;
				CLANG_WARN_UNREACHABLE_CODE = YES;
				CLANG_WARN__DUPLICATE_METHOD_MATCH = YES;
				CODE_SIGN_IDENTITY = "iPhone Developer";
				COPY_PHASE_STRIP = NO;
				DEBUG_INFORMATION_FORMAT = dwarf;
				ENABLE_STRICT_OBJC_MSGSEND = YES;
				ENABLE_TESTABILITY = YES;
				GCC_C_LANGUAGE_STANDARD = gnu11;
				GCC_DYNAMIC_NO_PIC = NO;
				GCC_NO_COMMON_BLOCKS = YES;
				GCC_OPTIMIZATION_LEVEL = 0;
				GCC_PREPROCESSOR_DEFINITIONS = (
					"DEBUG=1",
					"$(inherited)",
				);
				GCC_WARN_64_TO_32_BIT_CONVERSION = YES;
				GCC_WARN_ABOUT_RETURN_TYPE = YES_ERROR;
				GCC_WARN_UNDECLARED_SELECTOR = YES;
				GCC_WARN_UNINITIALIZED_AUTOS = YES_AGGRESSIVE;
				GCC_WARN_UNUSED_FUNCTION = YES;
				GCC_WARN_UNUSED_VARIABLE = YES;
				IPHONEOS_DEPLOYMENT_TARGET = 11.2;
				MTL_ENABLE_DEBUG_INFO = YES;
				ONLY_ACTIVE_ARCH = YES;
				SDKROOT = iphoneos;
				SWIFT_ACTIVE_COMPILATION_CONDITIONS = DEBUG;
				SWIFT_OPTIMIZATION_LEVEL = "-Onone";
			};
			name = Debug;
		};
		135AA4B7203B5FBF00DEB6BF /* Release */ = {
			isa = XCBuildConfiguration;
			buildSettings = {
				ALWAYS_SEARCH_USER_PATHS = NO;
				CLANG_ANALYZER_NONNULL = YES;
				CLANG_ANALYZER_NUMBER_OBJECT_CONVERSION = YES_AGGRESSIVE;
				CLANG_CXX_LANGUAGE_STANDARD = "gnu++14";
				CLANG_CXX_LIBRARY = "libc++";
				CLANG_ENABLE_MODULES = YES;
				CLANG_ENABLE_OBJC_ARC = YES;
				CLANG_WARN_BLOCK_CAPTURE_AUTORELEASING = YES;
				CLANG_WARN_BOOL_CONVERSION = YES;
				CLANG_WARN_COMMA = YES;
				CLANG_WARN_CONSTANT_CONVERSION = YES;
				CLANG_WARN_DIRECT_OBJC_ISA_USAGE = YES_ERROR;
				CLANG_WARN_DOCUMENTATION_COMMENTS = YES;
				CLANG_WARN_EMPTY_BODY = YES;
				CLANG_WARN_ENUM_CONVERSION = YES;
				CLANG_WARN_INFINITE_RECURSION = YES;
				CLANG_WARN_INT_CONVERSION = YES;
				CLANG_WARN_NON_LITERAL_NULL_CONVERSION = YES;
				CLANG_WARN_OBJC_LITERAL_CONVERSION = YES;
				CLANG_WARN_OBJC_ROOT_CLASS = YES_ERROR;
				CLANG_WARN_RANGE_LOOP_ANALYSIS = YES;
				CLANG_WARN_STRICT_PROTOTYPES = YES;
				CLANG_WARN_SUSPICIOUS_MOVE = YES;
				CLANG_WARN_UNGUARDED_AVAILABILITY = YES_AGGRESSIVE;
				CLANG_WARN_UNREACHABLE_CODE = YES;
				CLANG_WARN__DUPLICATE_METHOD_MATCH = YES;
				CODE_SIGN_IDENTITY = "iPhone Developer";
				COPY_PHASE_STRIP = NO;
				DEBUG_INFORMATION_FORMAT = "dwarf-with-dsym";
				ENABLE_NS_ASSERTIONS = NO;
				ENABLE_STRICT_OBJC_MSGSEND = YES;
				GCC_C_LANGUAGE_STANDARD = gnu11;
				GCC_NO_COMMON_BLOCKS = YES;
				GCC_WARN_64_TO_32_BIT_CONVERSION = YES;
				GCC_WARN_ABOUT_RETURN_TYPE = YES_ERROR;
				GCC_WARN_UNDECLARED_SELECTOR = YES;
				GCC_WARN_UNINITIALIZED_AUTOS = YES_AGGRESSIVE;
				GCC_WARN_UNUSED_FUNCTION = YES;
				GCC_WARN_UNUSED_VARIABLE = YES;
				IPHONEOS_DEPLOYMENT_TARGET = 11.2;
				MTL_ENABLE_DEBUG_INFO = NO;
				SDKROOT = iphoneos;
				SWIFT_OPTIMIZATION_LEVEL = "-Owholemodule";
				VALIDATE_PRODUCT = YES;
			};
			name = Release;
		};
		135AA4B9203B5FBF00DEB6BF /* Debug */ = {
			isa = XCBuildConfiguration;
			buildSettings = {
				ASSETCATALOG_COMPILER_APPICON_NAME = AppIcon;
				CODE_SIGN_STYLE = Automatic;
				DEVELOPMENT_TEAM = 2BULHRS882;
				INFOPLIST_FILE = "grumpy-fish/Info.plist";
				LD_RUNPATH_SEARCH_PATHS = "$(inherited) @executable_path/Frameworks";
				PRODUCT_BUNDLE_IDENTIFIER = "ca.centennialcollege.grumpy-fish";
				PRODUCT_NAME = "$(TARGET_NAME)";
				SWIFT_VERSION = 4.0;
				TARGETED_DEVICE_FAMILY = 1;
			};
			name = Debug;
		};
		135AA4BA203B5FBF00DEB6BF /* Release */ = {
			isa = XCBuildConfiguration;
			buildSettings = {
				ASSETCATALOG_COMPILER_APPICON_NAME = AppIcon;
				CODE_SIGN_STYLE = Automatic;
				DEVELOPMENT_TEAM = 2BULHRS882;
				INFOPLIST_FILE = "grumpy-fish/Info.plist";
				LD_RUNPATH_SEARCH_PATHS = "$(inherited) @executable_path/Frameworks";
				PRODUCT_BUNDLE_IDENTIFIER = "ca.centennialcollege.grumpy-fish";
				PRODUCT_NAME = "$(TARGET_NAME)";
				SWIFT_VERSION = 4.0;
				TARGETED_DEVICE_FAMILY = 1;
			};
			name = Release;
		};
/* End XCBuildConfiguration section */

/* Begin XCConfigurationList section */
		135AA49B203B5FBF00DEB6BF /* Build configuration list for PBXProject "grumpy-fish" */ = {
			isa = XCConfigurationList;
			buildConfigurations = (
				135AA4B6203B5FBF00DEB6BF /* Debug */,
				135AA4B7203B5FBF00DEB6BF /* Release */,
			);
			defaultConfigurationIsVisible = 0;
			defaultConfigurationName = Release;
		};
		135AA4B8203B5FBF00DEB6BF /* Build configuration list for PBXNativeTarget "grumpy-fish" */ = {
			isa = XCConfigurationList;
			buildConfigurations = (
				135AA4B9203B5FBF00DEB6BF /* Debug */,
				135AA4BA203B5FBF00DEB6BF /* Release */,
			);
			defaultConfigurationIsVisible = 0;
			defaultConfigurationName = Release;
		};
/* End XCConfigurationList section */
	};
	rootObject = 135AA498203B5FBF00DEB6BF /* Project object */;
}
